
Microsoft Visual Studio Solution File, Format Version 11.00
# Visual Studio 2010
Project("{FAE04EC0-301F-11D3-BF4B-00C04F79EFBC}") = "CS-4331-Project-2-Group-6", "Assembly-CSharp.csproj", "{31875332-5D07-BA71-99AA-CB2BCF006C68}"
EndProject
Project("{FAE04EC0-301F-11D3-BF4B-00C04F79EFBC}") = "CS-4331-Project-2-Group-6", "Assembly-CSharp-firstpass.csproj", "{18737A8C-D4BA-51D1-1A55-418FC0EB6B1B}"
EndProject
Project("{FAE04EC0-301F-11D3-BF4B-00C04F79EFBC}") = "CS-4331-Project-2-Group-6", "Assembly-CSharp-Editor-firstpass.csproj", "{11789365-2EE8-4C80-3FA3-E22FA99BC617}"
EndProject
Global
	GlobalSection(SolutionConfigurationPlatforms) = preSolution
		Debug|Any CPU = Debug|Any CPU
		Release|Any CPU = Release|Any CPU
	EndGlobalSection
	GlobalSection(ProjectConfigurationPlatforms) = postSolution
		{31875332-5D07-BA71-99AA-CB2BCF006C68}.Debug|Any CPU.ActiveCfg = Debug|Any CPU
		{31875332-5D07-BA71-99AA-CB2BCF006C68}.Debug|Any CPU.Build.0 = Debug|Any CPU
		{31875332-5D07-BA71-99AA-CB2BCF006C68}.Release|Any CPU.ActiveCfg = Release|Any CPU
		{31875332-5D07-BA71-99AA-CB2BCF006C68}.Release|Any CPU.Build.0 = Release|Any CPU
		{18737A8C-D4BA-51D1-1A55-418FC0EB6B1B}.Debug|Any CPU.ActiveCfg = Debug|Any CPU
		{18737A8C-D4BA-51D1-1A55-418FC0EB6B1B}.Debug|Any CPU.Build.0 = Debug|Any CPU
		{18737A8C-D4BA-51D1-1A55-418FC0EB6B1B}.Release|Any CPU.ActiveCfg = Release|Any CPU
		{18737A8C-D4BA-51D1-1A55-418FC0EB6B1B}.Release|Any CPU.Build.0 = Release|Any CPU
		{11789365-2EE8-4C80-3FA3-E22FA99BC617}.Debug|Any CPU.ActiveCfg = Debug|Any CPU
		{11789365-2EE8-4C80-3FA3-E22FA99BC617}.Debug|Any CPU.Build.0 = Debug|Any CPU
		{11789365-2EE8-4C80-3FA3-E22FA99BC617}.Release|Any CPU.ActiveCfg = Release|Any CPU
		{11789365-2EE8-4C80-3FA3-E22FA99BC617}.Release|Any CPU.Build.0 = Release|Any CPU
	EndGlobalSection
	GlobalSection(SolutionProperties) = preSolution
		HideSolutionNode = FALSE
	EndGlobalSection
	GlobalSection(MonoDevelopProperties) = preSolution
		StartupItem = Assembly-CSharp.csproj
	EndGlobalSection
EndGlobal
